
Microsoft Visual Studio Solution File, Format Version 12.00
# Visual Studio Version 17
VisualStudioVersion = 17.3.32825.248
MinimumVisualStudioVersion = 10.0.40219.1
Project("{FAE04EC0-301F-11D3-BF4B-00C04F79EFBC}") = "FYI", "FYI.csproj", "{A0E7E369-3050-4B61-9A53-1A59963FA6AB}"
EndProject
Global
	GlobalSection(SolutionConfigurationPlatforms) = preSolution
		Debug|Any CPU = Debug|Any CPU
		Release|Any CPU = Release|Any CPU
	EndGlobalSection
	GlobalSection(ProjectConfigurationPlatforms) = postSolution
		{A0E7E369-3050-4B61-9A53-1A59963FA6AB}.Debug|Any CPU.ActiveCfg = Debug|Any CPU
		{A0E7E369-3050-4B61-9A53-1A59963FA6AB}.Debug|Any CPU.Build.0 = Debug|Any CPU
		{A0E7E369-3050-4B61-9A53-1A59963FA6AB}.Release|Any CPU.ActiveCfg = Release|Any CPU
		{A0E7E369-3050-4B61-9A53-1A59963FA6AB}.Release|Any CPU.Build.0 = Release|Any CPU
	EndGlobalSection
	GlobalSection(SolutionProperties) = preSolution
		HideSolutionNode = FALSE
	EndGlobalSection
	GlobalSection(ExtensibilityGlobals) = postSolution
		SolutionGuid = {A3CD42AC-960F-490C-AEC6-6527E6AABFFA}
	EndGlobalSection
EndGlobal
