
Microsoft Visual Studio Solution File, Format Version 12.00
# Visual Studio Version 17
VisualStudioVersion = 17.3.32825.248
MinimumVisualStudioVersion = 10.0.40219.1
Project("{FAE04EC0-301F-11D3-BF4B-00C04F79EFBC}") = "CountTheVowels", "CountTheVowels.csproj", "{969A3C7C-E352-474B-AD8E-23B59C920B8B}"
EndProject
Global
	GlobalSection(SolutionConfigurationPlatforms) = preSolution
		Debug|Any CPU = Debug|Any CPU
		Release|Any CPU = Release|Any CPU
	EndGlobalSection
	GlobalSection(ProjectConfigurationPlatforms) = postSolution
		{969A3C7C-E352-474B-AD8E-23B59C920B8B}.Debug|Any CPU.ActiveCfg = Debug|Any CPU
		{969A3C7C-E352-474B-AD8E-23B59C920B8B}.Debug|Any CPU.Build.0 = Debug|Any CPU
		{969A3C7C-E352-474B-AD8E-23B59C920B8B}.Release|Any CPU.ActiveCfg = Release|Any CPU
		{969A3C7C-E352-474B-AD8E-23B59C920B8B}.Release|Any CPU.Build.0 = Release|Any CPU
	EndGlobalSection
	GlobalSection(SolutionProperties) = preSolution
		HideSolutionNode = FALSE
	EndGlobalSection
	GlobalSection(ExtensibilityGlobals) = postSolution
		SolutionGuid = {38FC1507-D1B3-4670-9803-10A5E3A2546A}
	EndGlobalSection
EndGlobal
